
Microsoft Visual Studio Solution File, Format Version 12.00
# Visual Studio 14
VisualStudioVersion = 14.0.25123.0
MinimumVisualStudioVersion = 10.0.40219.1
Project("{FAE04EC0-301F-11D3-BF4B-00C04F79EFBC}") = "NotasAlumnos", "NotasAlumnos\NotasAlumnos.csproj", "{BCF3052B-E26B-4AF5-810C-0839E0B3308D}"
EndProject
Global
	GlobalSection(SolutionConfigurationPlatforms) = preSolution
		Debug|Any CPU = Debug|Any CPU
		Release|Any CPU = Release|Any CPU
	EndGlobalSection
	GlobalSection(ProjectConfigurationPlatforms) = postSolution
		{BCF3052B-E26B-4AF5-810C-0839E0B3308D}.Debug|Any CPU.ActiveCfg = Debug|Any CPU
		{BCF3052B-E26B-4AF5-810C-0839E0B3308D}.Debug|Any CPU.Build.0 = Debug|Any CPU
		{BCF3052B-E26B-4AF5-810C-0839E0B3308D}.Release|Any CPU.ActiveCfg = Release|Any CPU
		{BCF3052B-E26B-4AF5-810C-0839E0B3308D}.Release|Any CPU.Build.0 = Release|Any CPU
	EndGlobalSection
	GlobalSection(SolutionProperties) = preSolution
		HideSolutionNode = FALSE
	EndGlobalSection
EndGlobal
